// !$*UTF8*$!
{
	archiveVersion = 1;
	classes = {
	};
	objectVersion = 56;
	objects = {

/* Begin PBXBuildFile section */
		122499672925D812003665DA /* main.swift in Sources */ = {isa = PBXBuildFile; fileRef = 122499662925D812003665DA /* main.swift */; };
		122499702925D88A003665DA /* Grade.swift in Sources */ = {isa = PBXBuildFile; fileRef = 1224996F2925D88A003665DA /* Grade.swift */; };
		1224998029260E07003665DA /* ServiceMenu.swift in Sources */ = {isa = PBXBuildFile; fileRef = 1224997F29260E07003665DA /* ServiceMenu.swift */; };
		1224998229261214003665DA /* AppManager.swift in Sources */ = {isa = PBXBuildFile; fileRef = 1224998129261214003665DA /* AppManager.swift */; };
		12249984292614EC003665DA /* Subject.swift in Sources */ = {isa = PBXBuildFile; fileRef = 12249983292614EC003665DA /* Subject.swift */; };
		1224998629261578003665DA /* Student.swift in Sources */ = {isa = PBXBuildFile; fileRef = 1224998529261578003665DA /* Student.swift */; };
		122499882926181F003665DA /* SubjectGrade.swift in Sources */ = {isa = PBXBuildFile; fileRef = 122499872926181F003665DA /* SubjectGrade.swift */; };
		1224998B29261C41003665DA /* MenuService.swift in Sources */ = {isa = PBXBuildFile; fileRef = 1224998A29261C41003665DA /* MenuService.swift */; };
		1224998D2926201F003665DA /* StudentService.swift in Sources */ = {isa = PBXBuildFile; fileRef = 1224998C2926201F003665DA /* StudentService.swift */; };
		1224998F292620A8003665DA /* GradeService.swift in Sources */ = {isa = PBXBuildFile; fileRef = 1224998E292620A8003665DA /* GradeService.swift */; };
		12249992292621BA003665DA /* StudentUseCase.swift in Sources */ = {isa = PBXBuildFile; fileRef = 12249991292621BA003665DA /* StudentUseCase.swift */; };
		12249994292623D6003665DA /* SubjectGradeUseCase.swift in Sources */ = {isa = PBXBuildFile; fileRef = 12249993292623D6003665DA /* SubjectGradeUseCase.swift */; };
		12249996292625E7003665DA /* UseCaseProvider.swift in Sources */ = {isa = PBXBuildFile; fileRef = 12249995292625E7003665DA /* UseCaseProvider.swift */; };
		1224999A2926270A003665DA /* StudentUseCaseImpl.swift in Sources */ = {isa = PBXBuildFile; fileRef = 122499992926270A003665DA /* StudentUseCaseImpl.swift */; };
		1224999D292629A0003665DA /* Result+.swift in Sources */ = {isa = PBXBuildFile; fileRef = 1224999C292629A0003665DA /* Result+.swift */; };
		1224999F29262A92003665DA /* SubjectGradeUseCaseImpl.swift in Sources */ = {isa = PBXBuildFile; fileRef = 1224999E29262A92003665DA /* SubjectGradeUseCaseImpl.swift */; };
		122499A129262C43003665DA /* UseCaseProviderImpl.swift in Sources */ = {isa = PBXBuildFile; fileRef = 122499A029262C43003665DA /* UseCaseProviderImpl.swift */; };
		122499A32926313D003665DA /* String+.swift in Sources */ = {isa = PBXBuildFile; fileRef = 122499A22926313D003665DA /* String+.swift */; };
		122499A729275227003665DA /* StudentsStorage.swift in Sources */ = {isa = PBXBuildFile; fileRef = 122499A629275227003665DA /* StudentsStorage.swift */; };
		122499A929275C05003665DA /* UserDefaultsAvailable.swift in Sources */ = {isa = PBXBuildFile; fileRef = 122499A829275C05003665DA /* UserDefaultsAvailable.swift */; };
		122499AB29275E59003665DA /* UserDefaultsStudentsStorage.swift in Sources */ = {isa = PBXBuildFile; fileRef = 122499AA29275E59003665DA /* UserDefaultsStudentsStorage.swift */; };
/* End PBXBuildFile section */

/* Begin PBXCopyFilesBuildPhase section */
		122499612925D812003665DA /* CopyFiles */ = {
			isa = PBXCopyFilesBuildPhase;
			buildActionMask = 2147483647;
			dstPath = /usr/share/man/man1/;
			dstSubfolderSpec = 0;
			files = (
			);
			runOnlyForDeploymentPostprocessing = 1;
		};
/* End PBXCopyFilesBuildPhase section */

/* Begin PBXFileReference section */
		122499632925D812003665DA /* MyCreditManager */ = {isa = PBXFileReference; explicitFileType = "compiled.mach-o.executable"; includeInIndex = 0; path = MyCreditManager; sourceTree = BUILT_PRODUCTS_DIR; };
		122499662925D812003665DA /* main.swift */ = {isa = PBXFileReference; lastKnownFileType = sourcecode.swift; path = main.swift; sourceTree = "<group>"; };
		1224996F2925D88A003665DA /* Grade.swift */ = {isa = PBXFileReference; lastKnownFileType = sourcecode.swift; path = Grade.swift; sourceTree = "<group>"; };
		1224997F29260E07003665DA /* ServiceMenu.swift */ = {isa = PBXFileReference; lastKnownFileType = sourcecode.swift; path = ServiceMenu.swift; sourceTree = "<group>"; };
		1224998129261214003665DA /* AppManager.swift */ = {isa = PBXFileReference; lastKnownFileType = sourcecode.swift; path = AppManager.swift; sourceTree = "<group>"; };
		12249983292614EC003665DA /* Subject.swift */ = {isa = PBXFileReference; lastKnownFileType = sourcecode.swift; path = Subject.swift; sourceTree = "<group>"; };
		1224998529261578003665DA /* Student.swift */ = {isa = PBXFileReference; lastKnownFileType = sourcecode.swift; path = Student.swift; sourceTree = "<group>"; };
		122499872926181F003665DA /* SubjectGrade.swift */ = {isa = PBXFileReference; lastKnownFileType = sourcecode.swift; path = SubjectGrade.swift; sourceTree = "<group>"; };
		1224998A29261C41003665DA /* MenuService.swift */ = {isa = PBXFileReference; lastKnownFileType = sourcecode.swift; path = MenuService.swift; sourceTree = "<group>"; };
		1224998C2926201F003665DA /* StudentService.swift */ = {isa = PBXFileReference; lastKnownFileType = sourcecode.swift; path = StudentService.swift; sourceTree = "<group>"; };
		1224998E292620A8003665DA /* GradeService.swift */ = {isa = PBXFileReference; lastKnownFileType = sourcecode.swift; path = GradeService.swift; sourceTree = "<group>"; };
		12249991292621BA003665DA /* StudentUseCase.swift */ = {isa = PBXFileReference; lastKnownFileType = sourcecode.swift; path = StudentUseCase.swift; sourceTree = "<group>"; };
		12249993292623D6003665DA /* SubjectGradeUseCase.swift */ = {isa = PBXFileReference; lastKnownFileType = sourcecode.swift; path = SubjectGradeUseCase.swift; sourceTree = "<group>"; };
		12249995292625E7003665DA /* UseCaseProvider.swift */ = {isa = PBXFileReference; lastKnownFileType = sourcecode.swift; path = UseCaseProvider.swift; sourceTree = "<group>"; };
		122499992926270A003665DA /* StudentUseCaseImpl.swift */ = {isa = PBXFileReference; lastKnownFileType = sourcecode.swift; path = StudentUseCaseImpl.swift; sourceTree = "<group>"; };
		1224999C292629A0003665DA /* Result+.swift */ = {isa = PBXFileReference; lastKnownFileType = sourcecode.swift; path = "Result+.swift"; sourceTree = "<group>"; };
		1224999E29262A92003665DA /* SubjectGradeUseCaseImpl.swift */ = {isa = PBXFileReference; lastKnownFileType = sourcecode.swift; path = SubjectGradeUseCaseImpl.swift; sourceTree = "<group>"; };
		122499A029262C43003665DA /* UseCaseProviderImpl.swift */ = {isa = PBXFileReference; lastKnownFileType = sourcecode.swift; path = UseCaseProviderImpl.swift; sourceTree = "<group>"; };
		122499A22926313D003665DA /* String+.swift */ = {isa = PBXFileReference; lastKnownFileType = sourcecode.swift; path = "String+.swift"; sourceTree = "<group>"; };
		122499A629275227003665DA /* StudentsStorage.swift */ = {isa = PBXFileReference; lastKnownFileType = sourcecode.swift; path = StudentsStorage.swift; sourceTree = "<group>"; };
		122499A829275C05003665DA /* UserDefaultsAvailable.swift */ = {isa = PBXFileReference; lastKnownFileType = sourcecode.swift; path = UserDefaultsAvailable.swift; sourceTree = "<group>"; };
		122499AA29275E59003665DA /* UserDefaultsStudentsStorage.swift */ = {isa = PBXFileReference; lastKnownFileType = sourcecode.swift; path = UserDefaultsStudentsStorage.swift; sourceTree = "<group>"; };
/* End PBXFileReference section */

/* Begin PBXFrameworksBuildPhase section */
		122499602925D812003665DA /* Frameworks */ = {
			isa = PBXFrameworksBuildPhase;
			buildActionMask = 2147483647;
			files = (
			);
			runOnlyForDeploymentPostprocessing = 0;
		};
/* End PBXFrameworksBuildPhase section */

/* Begin PBXGroup section */
		1224995A2925D812003665DA = {
			isa = PBXGroup;
			children = (
				122499652925D812003665DA /* MyCreditManager */,
				122499642925D812003665DA /* Products */,
			);
			sourceTree = "<group>";
		};
		122499642925D812003665DA /* Products */ = {
			isa = PBXGroup;
			children = (
				122499632925D812003665DA /* MyCreditManager */,
			);
			name = Products;
			sourceTree = "<group>";
		};
		122499652925D812003665DA /* MyCreditManager */ = {
			isa = PBXGroup;
			children = (
				122499712925D891003665DA /* App */,
				1224998929261C1D003665DA /* Services */,
				1224996D2925D858003665DA /* Domain */,
				12249997292626D8003665DA /* Data */,
				1224999B2926296F003665DA /* Util */,
				1224997E29260DE7003665DA /* Common */,
			);
			path = MyCreditManager;
			sourceTree = "<group>";
		};
		1224996D2925D858003665DA /* Domain */ = {
			isa = PBXGroup;
			children = (
				1224996E2925D862003665DA /* Entities */,
				1224999029262171003665DA /* UseCases */,
			);
			path = Domain;
			sourceTree = "<group>";
		};
		1224996E2925D862003665DA /* Entities */ = {
			isa = PBXGroup;
			children = (
				1224996F2925D88A003665DA /* Grade.swift */,
				12249983292614EC003665DA /* Subject.swift */,
				1224998529261578003665DA /* Student.swift */,
				122499872926181F003665DA /* SubjectGrade.swift */,
			);
			path = Entities;
			sourceTree = "<group>";
		};
		122499712925D891003665DA /* App */ = {
			isa = PBXGroup;
			children = (
				122499662925D812003665DA /* main.swift */,
				1224998129261214003665DA /* AppManager.swift */,
			);
			path = App;
			sourceTree = "<group>";
		};
		1224997E29260DE7003665DA /* Common */ = {
			isa = PBXGroup;
			children = (
				1224997F29260E07003665DA /* ServiceMenu.swift */,
			);
			path = Common;
			sourceTree = "<group>";
		};
		1224998929261C1D003665DA /* Services */ = {
			isa = PBXGroup;
			children = (
				1224998A29261C41003665DA /* MenuService.swift */,
				1224998C2926201F003665DA /* StudentService.swift */,
				1224998E292620A8003665DA /* GradeService.swift */,
			);
			path = Services;
			sourceTree = "<group>";
		};
		1224999029262171003665DA /* UseCases */ = {
			isa = PBXGroup;
			children = (
				12249991292621BA003665DA /* StudentUseCase.swift */,
				12249993292623D6003665DA /* SubjectGradeUseCase.swift */,
				12249995292625E7003665DA /* UseCaseProvider.swift */,
			);
			path = UseCases;
			sourceTree = "<group>";
		};
		12249997292626D8003665DA /* Data */ = {
			isa = PBXGroup;
			children = (
				122499A4292751B7003665DA /* Storages */,
				12249998292626EF003665DA /* UseCases */,
			);
			path = Data;
			sourceTree = "<group>";
		};
		12249998292626EF003665DA /* UseCases */ = {
			isa = PBXGroup;
			children = (
				122499992926270A003665DA /* StudentUseCaseImpl.swift */,
				1224999E29262A92003665DA /* SubjectGradeUseCaseImpl.swift */,
				122499A029262C43003665DA /* UseCaseProviderImpl.swift */,
			);
			path = UseCases;
			sourceTree = "<group>";
		};
		1224999B2926296F003665DA /* Util */ = {
			isa = PBXGroup;
			children = (
				1224999C292629A0003665DA /* Result+.swift */,
				122499A22926313D003665DA /* String+.swift */,
				122499A829275C05003665DA /* UserDefaultsAvailable.swift */,
			);
			path = Util;
			sourceTree = "<group>";
		};
		122499A4292751B7003665DA /* Storages */ = {
			isa = PBXGroup;
			children = (
				122499A5292751F8003665DA /* StudentsStorage */,
			);
			path = Storages;
			sourceTree = "<group>";
		};
		122499A5292751F8003665DA /* StudentsStorage */ = {
			isa = PBXGroup;
			children = (
				122499A629275227003665DA /* StudentsStorage.swift */,
				122499AA29275E59003665DA /* UserDefaultsStudentsStorage.swift */,
			);
			path = StudentsStorage;
			sourceTree = "<group>";
		};
/* End PBXGroup section */

/* Begin PBXNativeTarget section */
		122499622925D812003665DA /* MyCreditManager */ = {
			isa = PBXNativeTarget;
			buildConfigurationList = 1224996A2925D812003665DA /* Build configuration list for PBXNativeTarget "MyCreditManager" */;
			buildPhases = (
				1224995F2925D812003665DA /* Sources */,
				122499602925D812003665DA /* Frameworks */,
				122499612925D812003665DA /* CopyFiles */,
			);
			buildRules = (
			);
			dependencies = (
			);
			name = MyCreditManager;
			productName = MyCreditManager;
			productReference = 122499632925D812003665DA /* MyCreditManager */;
			productType = "com.apple.product-type.tool";
		};
/* End PBXNativeTarget section */

/* Begin PBXProject section */
		1224995B2925D812003665DA /* Project object */ = {
			isa = PBXProject;
			attributes = {
				BuildIndependentTargetsInParallel = 1;
				LastSwiftUpdateCheck = 1410;
				LastUpgradeCheck = 1410;
				TargetAttributes = {
					122499622925D812003665DA = {
						CreatedOnToolsVersion = 14.1;
					};
				};
			};
			buildConfigurationList = 1224995E2925D812003665DA /* Build configuration list for PBXProject "MyCreditManager" */;
			compatibilityVersion = "Xcode 14.0";
			developmentRegion = en;
			hasScannedForEncodings = 0;
			knownRegions = (
				en,
				Base,
			);
			mainGroup = 1224995A2925D812003665DA;
			productRefGroup = 122499642925D812003665DA /* Products */;
			projectDirPath = "";
			projectRoot = "";
			targets = (
				122499622925D812003665DA /* MyCreditManager */,
			);
		};
/* End PBXProject section */

/* Begin PBXSourcesBuildPhase section */
		1224995F2925D812003665DA /* Sources */ = {
			isa = PBXSourcesBuildPhase;
			buildActionMask = 2147483647;
			files = (
				1224998029260E07003665DA /* ServiceMenu.swift in Sources */,
				1224998F292620A8003665DA /* GradeService.swift in Sources */,
				122499A929275C05003665DA /* UserDefaultsAvailable.swift in Sources */,
				1224998629261578003665DA /* Student.swift in Sources */,
				1224998D2926201F003665DA /* StudentService.swift in Sources */,
				1224998B29261C41003665DA /* MenuService.swift in Sources */,
				122499AB29275E59003665DA /* UserDefaultsStudentsStorage.swift in Sources */,
				1224999A2926270A003665DA /* StudentUseCaseImpl.swift in Sources */,
				1224999F29262A92003665DA /* SubjectGradeUseCaseImpl.swift in Sources */,
				12249994292623D6003665DA /* SubjectGradeUseCase.swift in Sources */,
				12249984292614EC003665DA /* Subject.swift in Sources */,
				122499882926181F003665DA /* SubjectGrade.swift in Sources */,
				122499A32926313D003665DA /* String+.swift in Sources */,
				1224999D292629A0003665DA /* Result+.swift in Sources */,
				122499672925D812003665DA /* main.swift in Sources */,
				122499A729275227003665DA /* StudentsStorage.swift in Sources */,
				12249996292625E7003665DA /* UseCaseProvider.swift in Sources */,
				12249992292621BA003665DA /* StudentUseCase.swift in Sources */,
				122499A129262C43003665DA /* UseCaseProviderImpl.swift in Sources */,
				122499702925D88A003665DA /* Grade.swift in Sources */,
				1224998229261214003665DA /* AppManager.swift in Sources */,
			);
			runOnlyForDeploymentPostprocessing = 0;
		};
/* End PBXSourcesBuildPhase section */

/* Begin XCBuildConfiguration section */
		122499682925D812003665DA /* Debug */ = {
			isa = XCBuildConfiguration;
			buildSettings = {
				ALWAYS_SEARCH_USER_PATHS = NO;
				CLANG_ANALYZER_NONNULL = YES;
				CLANG_ANALYZER_NUMBER_OBJECT_CONVERSION = YES_AGGRESSIVE;
				CLANG_CXX_LANGUAGE_STANDARD = "gnu++20";
				CLANG_ENABLE_MODULES = YES;
				CLANG_ENABLE_OBJC_ARC = YES;
				CLANG_ENABLE_OBJC_WEAK = YES;
				CLANG_WARN_BLOCK_CAPTURE_AUTORELEASING = YES;
				CLANG_WARN_BOOL_CONVERSION = YES;
				CLANG_WARN_COMMA = YES;
				CLANG_WARN_CONSTANT_CONVERSION = YES;
				CLANG_WARN_DEPRECATED_OBJC_IMPLEMENTATIONS = YES;
				CLANG_WARN_DIRECT_OBJC_ISA_USAGE = YES_ERROR;
				CLANG_WARN_DOCUMENTATION_COMMENTS = YES;
				CLANG_WARN_EMPTY_BODY = YES;
				CLANG_WARN_ENUM_CONVERSION = YES;
				CLANG_WARN_INFINITE_RECURSION = YES;
				CLANG_WARN_INT_CONVERSION = YES;
				CLANG_WARN_NON_LITERAL_NULL_CONVERSION = YES;
				CLANG_WARN_OBJC_IMPLICIT_RETAIN_SELF = YES;
				CLANG_WARN_OBJC_LITERAL_CONVERSION = YES;
				CLANG_WARN_OBJC_ROOT_CLASS = YES_ERROR;
				CLANG_WARN_QUOTED_INCLUDE_IN_FRAMEWORK_HEADER = YES;
				CLANG_WARN_RANGE_LOOP_ANALYSIS = YES;
				CLANG_WARN_STRICT_PROTOTYPES = YES;
				CLANG_WARN_SUSPICIOUS_MOVE = YES;
				CLANG_WARN_UNGUARDED_AVAILABILITY = YES_AGGRESSIVE;
				CLANG_WARN_UNREACHABLE_CODE = YES;
				CLANG_WARN__DUPLICATE_METHOD_MATCH = YES;
				COPY_PHASE_STRIP = NO;
				DEBUG_INFORMATION_FORMAT = dwarf;
				ENABLE_STRICT_OBJC_MSGSEND = YES;
				ENABLE_TESTABILITY = YES;
				GCC_C_LANGUAGE_STANDARD = gnu11;
				GCC_DYNAMIC_NO_PIC = NO;
				GCC_NO_COMMON_BLOCKS = YES;
				GCC_OPTIMIZATION_LEVEL = 0;
				GCC_PREPROCESSOR_DEFINITIONS = (
					"DEBUG=1",
					"$(inherited)",
				);
				GCC_WARN_64_TO_32_BIT_CONVERSION = YES;
				GCC_WARN_ABOUT_RETURN_TYPE = YES_ERROR;
				GCC_WARN_UNDECLARED_SELECTOR = YES;
				GCC_WARN_UNINITIALIZED_AUTOS = YES_AGGRESSIVE;
				GCC_WARN_UNUSED_FUNCTION = YES;
				GCC_WARN_UNUSED_VARIABLE = YES;
				MACOSX_DEPLOYMENT_TARGET = 12.6;
				MTL_ENABLE_DEBUG_INFO = INCLUDE_SOURCE;
				MTL_FAST_MATH = YES;
				ONLY_ACTIVE_ARCH = YES;
				SDKROOT = macosx;
				SWIFT_ACTIVE_COMPILATION_CONDITIONS = DEBUG;
				SWIFT_OPTIMIZATION_LEVEL = "-Onone";
			};
			name = Debug;
		};
		122499692925D812003665DA /* Release */ = {
			isa = XCBuildConfiguration;
			buildSettings = {
				ALWAYS_SEARCH_USER_PATHS = NO;
				CLANG_ANALYZER_NONNULL = YES;
				CLANG_ANALYZER_NUMBER_OBJECT_CONVERSION = YES_AGGRESSIVE;
				CLANG_CXX_LANGUAGE_STANDARD = "gnu++20";
				CLANG_ENABLE_MODULES = YES;
				CLANG_ENABLE_OBJC_ARC = YES;
				CLANG_ENABLE_OBJC_WEAK = YES;
				CLANG_WARN_BLOCK_CAPTURE_AUTORELEASING = YES;
				CLANG_WARN_BOOL_CONVERSION = YES;
				CLANG_WARN_COMMA = YES;
				CLANG_WARN_CONSTANT_CONVERSION = YES;
				CLANG_WARN_DEPRECATED_OBJC_IMPLEMENTATIONS = YES;
				CLANG_WARN_DIRECT_OBJC_ISA_USAGE = YES_ERROR;
				CLANG_WARN_DOCUMENTATION_COMMENTS = YES;
				CLANG_WARN_EMPTY_BODY = YES;
				CLANG_WARN_ENUM_CONVERSION = YES;
				CLANG_WARN_INFINITE_RECURSION = YES;
				CLANG_WARN_INT_CONVERSION = YES;
				CLANG_WARN_NON_LITERAL_NULL_CONVERSION = YES;
				CLANG_WARN_OBJC_IMPLICIT_RETAIN_SELF = YES;
				CLANG_WARN_OBJC_LITERAL_CONVERSION = YES;
				CLANG_WARN_OBJC_ROOT_CLASS = YES_ERROR;
				CLANG_WARN_QUOTED_INCLUDE_IN_FRAMEWORK_HEADER = YES;
				CLANG_WARN_RANGE_LOOP_ANALYSIS = YES;
				CLANG_WARN_STRICT_PROTOTYPES = YES;
				CLANG_WARN_SUSPICIOUS_MOVE = YES;
				CLANG_WARN_UNGUARDED_AVAILABILITY = YES_AGGRESSIVE;
				CLANG_WARN_UNREACHABLE_CODE = YES;
				CLANG_WARN__DUPLICATE_METHOD_MATCH = YES;
				COPY_PHASE_STRIP = NO;
				DEBUG_INFORMATION_FORMAT = "dwarf-with-dsym";
				ENABLE_NS_ASSERTIONS = NO;
				ENABLE_STRICT_OBJC_MSGSEND = YES;
				GCC_C_LANGUAGE_STANDARD = gnu11;
				GCC_NO_COMMON_BLOCKS = YES;
				GCC_WARN_64_TO_32_BIT_CONVERSION = YES;
				GCC_WARN_ABOUT_RETURN_TYPE = YES_ERROR;
				GCC_WARN_UNDECLARED_SELECTOR = YES;
				GCC_WARN_UNINITIALIZED_AUTOS = YES_AGGRESSIVE;
				GCC_WARN_UNUSED_FUNCTION = YES;
				GCC_WARN_UNUSED_VARIABLE = YES;
				MACOSX_DEPLOYMENT_TARGET = 12.6;
				MTL_ENABLE_DEBUG_INFO = NO;
				MTL_FAST_MATH = YES;
				SDKROOT = macosx;
				SWIFT_COMPILATION_MODE = wholemodule;
				SWIFT_OPTIMIZATION_LEVEL = "-O";
			};
			name = Release;
		};
		1224996B2925D812003665DA /* Debug */ = {
			isa = XCBuildConfiguration;
			buildSettings = {
				CODE_SIGN_STYLE = Automatic;
				DEVELOPMENT_TEAM = 8G2M9BCKK9;
				ENABLE_HARDENED_RUNTIME = YES;
				PRODUCT_NAME = "$(TARGET_NAME)";
				SWIFT_VERSION = 5.0;
			};
			name = Debug;
		};
		1224996C2925D812003665DA /* Release */ = {
			isa = XCBuildConfiguration;
			buildSettings = {
				CODE_SIGN_STYLE = Automatic;
				DEVELOPMENT_TEAM = 8G2M9BCKK9;
				ENABLE_HARDENED_RUNTIME = YES;
				PRODUCT_NAME = "$(TARGET_NAME)";
				SWIFT_VERSION = 5.0;
			};
			name = Release;
		};
/* End XCBuildConfiguration section */

/* Begin XCConfigurationList section */
		1224995E2925D812003665DA /* Build configuration list for PBXProject "MyCreditManager" */ = {
			isa = XCConfigurationList;
			buildConfigurations = (
				122499682925D812003665DA /* Debug */,
				122499692925D812003665DA /* Release */,
			);
			defaultConfigurationIsVisible = 0;
			defaultConfigurationName = Release;
		};
		1224996A2925D812003665DA /* Build configuration list for PBXNativeTarget "MyCreditManager" */ = {
			isa = XCConfigurationList;
			buildConfigurations = (
				1224996B2925D812003665DA /* Debug */,
				1224996C2925D812003665DA /* Release */,
			);
			defaultConfigurationIsVisible = 0;
			defaultConfigurationName = Release;
		};
/* End XCConfigurationList section */
	};
	rootObject = 1224995B2925D812003665DA /* Project object */;
}
